
Microsoft Visual Studio Solution File, Format Version 12.00
# Visual Studio 2012
Project("{2150E333-8FDC-42A3-9474-1A3956D46DE8}") = "Views", "Views", "{BC543A3C-1369-4B86-9E21-9A06F763BCE0}"
EndProject
Project("{FAE04EC0-301F-11D3-BF4B-00C04F79EFBC}") = "FEPY.Views.Demo", "..\Views\FEPY.Views.Demo\FEPY.Views.Demo.csproj", "{2F9AA7F6-CFE3-424D-9612-46D08D204CD5}"
EndProject
Project("{FAE04EC0-301F-11D3-BF4B-00C04F79EFBC}") = "FEPV.BLL", "BLL\FEPV.BLL.csproj", "{989DF180-C826-481F-B5EA-6F2D48920E98}"
EndProject
Project("{FAE04EC0-301F-11D3-BF4B-00C04F79EFBC}") = "FEPV.Contract", "Contract\FEPV.Contract.csproj", "{07423784-1F25-4D2C-917C-E7AD3A0E27D9}"
EndProject
Project("{FAE04EC0-301F-11D3-BF4B-00C04F79EFBC}") = "FEPV.Implementation", "Implementation\FEPV.Implementation.csproj", "{14C47D18-4866-4868-98B6-36C69FB0EBA0}"
EndProject
Project("{2150E333-8FDC-42A3-9474-1A3956D46DE8}") = "Infrastruture", "Infrastruture", "{F1A4A916-5CC9-48A2-967B-B1AD6CACA529}"
EndProject
Project("{FAE04EC0-301F-11D3-BF4B-00C04F79EFBC}") = "BaseForm", "..\Infrastructure\BaseForm\BaseForm.csproj", "{D9AE025E-0F05-43F2-9CC1-4A1522301F5E}"
EndProject
Project("{FAE04EC0-301F-11D3-BF4B-00C04F79EFBC}") = "Library", "..\Infrastructure\Library\Library.csproj", "{73EDBA51-B374-4AD2-B69D-4F2DE4F49704}"
EndProject
Project("{FAE04EC0-301F-11D3-BF4B-00C04F79EFBC}") = "FEPV.Views.EGRP", "..\Views\FEPY.Views.EGRP\FEPV.Views.EGRP.csproj", "{DCC77FDF-CF61-46F8-9B04-1AF633D1A3C2}"
EndProject
Project("{FAE04EC0-301F-11D3-BF4B-00C04F79EFBC}") = "FEPV.Model", "Model\FEPV.Model.csproj", "{68916BBB-693B-4768-9B67-6590B06D028F}"
EndProject
Project("{FAE04EC0-301F-11D3-BF4B-00C04F79EFBC}") = "HttpUtils", "HttpUtils\HttpUtils.csproj", "{E3F97A45-DC46-4EFA-A73D-594586481D95}"
EndProject
Project("{FAE04EC0-301F-11D3-BF4B-00C04F79EFBC}") = "FEPV.Views.EGUL", "..\Views\FEPY.Views.EGUL\FEPV.Views.EGUL.csproj", "{84DF01A3-87A4-4551-9501-B525BAE4D9D2}"
EndProject
Project("{FAE04EC0-301F-11D3-BF4B-00C04F79EFBC}") = "FEPV.Views.EGBK", "..\Views\FEPY.Views.EGBK\FEPV.Views.EGBK.csproj", "{F7ECC2DA-26A6-49B1-8CE8-C0D775E46791}"
EndProject
Project("{FAE04EC0-301F-11D3-BF4B-00C04F79EFBC}") = "FEPV.Views.EGT1", "..\Views\FEPY.Views.EGT1\FEPV.Views.EGT1.csproj", "{3E3CB09D-12D3-4F93-A03F-C3EB507874DA}"
EndProject
Project("{FAE04EC0-301F-11D3-BF4B-00C04F79EFBC}") = "FEPV.Views.EGT2", "..\Views\FEPY.Views.EGT2\FEPV.Views.EGT2.csproj", "{1412EF3A-4B81-4C6E-B22C-A1435F3A56FF}"
EndProject
Project("{FAE04EC0-301F-11D3-BF4B-00C04F79EFBC}") = "FEPV.Views.MESD", "..\Views\FEPV.Views.MESD\FEPV.Views.MESD.csproj", "{C1AAA7F4-488F-42CF-98DE-B213A7579227}"
EndProject
Project("{FAE04EC0-301F-11D3-BF4B-00C04F79EFBC}") = "FEPV.Views.EGCD", "..\Views\FEPY.Views.EGCD\FEPV.Views.EGCD.csproj", "{BF3AB109-1B6B-461F-81BA-8513F7F497A1}"
EndProject
Project("{FAE04EC0-301F-11D3-BF4B-00C04F79EFBC}") = "BasicLanuage", "BasicLanuage\BasicLanuage.csproj", "{18001A96-8115-4A6D-AB04-2A8CDD32154F}"
EndProject
Project("{FAE04EC0-301F-11D3-BF4B-00C04F79EFBC}") = "MIS.Utility", "MIS.Utility\MIS.Utility.csproj", "{AC565E97-0566-478E-9A63-6436AADA60B5}"
EndProject
Project("{FAE04EC0-301F-11D3-BF4B-00C04F79EFBC}") = "MES.Views.SU01", "..\Views\MES.Views.SU01\MES.Views.SU01.csproj", "{EE69323B-8707-41D6-B29C-6BE8C83DC10D}"
EndProject
Project("{2150E333-8FDC-42A3-9474-1A3956D46DE8}") = "Infrastructure", "Infrastructure", "{96F0124A-977A-46E2-89DC-3463D40DBCE9}"
EndProject
Project("{FAE04EC0-301F-11D3-BF4B-00C04F79EFBC}") = "Implementation", "..\Infrastructure\Implementation\Implementation.csproj", "{A01A2D7C-5561-4CBA-92A4-281A6F1AC694}"
EndProject
Project("{FAE04EC0-301F-11D3-BF4B-00C04F79EFBC}") = "Contracts", "..\Infrastructure\Contracts\Contracts.csproj", "{76503129-AFAB-4F19-8534-8E2AE6318F27}"
EndProject
Project("{2150E333-8FDC-42A3-9474-1A3956D46DE8}") = "Views", "Views", "{29F87694-32A0-404D-8434-8C76D6A939C7}"
EndProject
Project("{FAE04EC0-301F-11D3-BF4B-00C04F79EFBC}") = "CredentialsManager", "..\Infrastructure\Views\CredentialsManager\CredentialsManager.csproj", "{32AEDA90-AC16-46B5-9869-485103141292}"
EndProject
Project("{FAE04EC0-301F-11D3-BF4B-00C04F79EFBC}") = "FEG.MES", "..\Infrastructure\Views\FEG.MES\FEG.MES.csproj", "{A43744AE-46F6-4FF4-9254-3B237F3B2EF8}"
EndProject
Project("{FAE04EC0-301F-11D3-BF4B-00C04F79EFBC}") = "Shell", "..\Shell\Shell.csproj", "{BF39E00E-2C97-45D6-B153-3B1386706D82}"
EndProject
Project("{FAE04EC0-301F-11D3-BF4B-00C04F79EFBC}") = "FEPV.Views.OBPT", "..\Views\FEPY.Views.OBPT\FEPV.Views.OBPT.csproj", "{11F80277-C8F6-4743-B7C2-89A639268F04}"
EndProject
Project("{FAE04EC0-301F-11D3-BF4B-00C04F79EFBC}") = "FEPV.Views.MB01", "..\Views\FEPY.Views.MB01\FEPV.Views.MB01.csproj", "{CC521142-A255-40FD-A4D8-BE80975B0860}"
EndProject
Project("{FAE04EC0-301F-11D3-BF4B-00C04F79EFBC}") = "FEPV.Views.EGBS", "..\Views\FEPY.Views.EGBS\FEPV.Views.EGBS.csproj", "{DBBC2C15-9592-47E7-8B81-1F3613D2098A}"
EndProject
Project("{FAE04EC0-301F-11D3-BF4B-00C04F79EFBC}") = "FEPV.Views.EGT3", "..\Views\FEPY.Views.EGT3\FEPV.Views.EGT3.csproj", "{3C96CC0C-9E2C-4CCF-8860-28213923897D}"
EndProject
Global
	GlobalSection(SolutionConfigurationPlatforms) = preSolution
		Debug|Any CPU = Debug|Any CPU
		Release|Any CPU = Release|Any CPU
	EndGlobalSection
	GlobalSection(ProjectConfigurationPlatforms) = postSolution
		{2F9AA7F6-CFE3-424D-9612-46D08D204CD5}.Debug|Any CPU.ActiveCfg = Debug|Any CPU
		{2F9AA7F6-CFE3-424D-9612-46D08D204CD5}.Debug|Any CPU.Build.0 = Debug|Any CPU
		{2F9AA7F6-CFE3-424D-9612-46D08D204CD5}.Release|Any CPU.ActiveCfg = Release|Any CPU
		{2F9AA7F6-CFE3-424D-9612-46D08D204CD5}.Release|Any CPU.Build.0 = Release|Any CPU
		{989DF180-C826-481F-B5EA-6F2D48920E98}.Debug|Any CPU.ActiveCfg = Debug|Any CPU
		{989DF180-C826-481F-B5EA-6F2D48920E98}.Debug|Any CPU.Build.0 = Debug|Any CPU
		{989DF180-C826-481F-B5EA-6F2D48920E98}.Release|Any CPU.ActiveCfg = Release|Any CPU
		{989DF180-C826-481F-B5EA-6F2D48920E98}.Release|Any CPU.Build.0 = Release|Any CPU
		{07423784-1F25-4D2C-917C-E7AD3A0E27D9}.Debug|Any CPU.ActiveCfg = Debug|Any CPU
		{07423784-1F25-4D2C-917C-E7AD3A0E27D9}.Debug|Any CPU.Build.0 = Debug|Any CPU
		{07423784-1F25-4D2C-917C-E7AD3A0E27D9}.Release|Any CPU.ActiveCfg = Release|Any CPU
		{07423784-1F25-4D2C-917C-E7AD3A0E27D9}.Release|Any CPU.Build.0 = Release|Any CPU
		{14C47D18-4866-4868-98B6-36C69FB0EBA0}.Debug|Any CPU.ActiveCfg = Debug|Any CPU
		{14C47D18-4866-4868-98B6-36C69FB0EBA0}.Debug|Any CPU.Build.0 = Debug|Any CPU
		{14C47D18-4866-4868-98B6-36C69FB0EBA0}.Release|Any CPU.ActiveCfg = Release|Any CPU
		{14C47D18-4866-4868-98B6-36C69FB0EBA0}.Release|Any CPU.Build.0 = Release|Any CPU
		{D9AE025E-0F05-43F2-9CC1-4A1522301F5E}.Debug|Any CPU.ActiveCfg = Debug|Any CPU
		{D9AE025E-0F05-43F2-9CC1-4A1522301F5E}.Debug|Any CPU.Build.0 = Debug|Any CPU
		{D9AE025E-0F05-43F2-9CC1-4A1522301F5E}.Release|Any CPU.ActiveCfg = Release|Any CPU
		{D9AE025E-0F05-43F2-9CC1-4A1522301F5E}.Release|Any CPU.Build.0 = Release|Any CPU
		{73EDBA51-B374-4AD2-B69D-4F2DE4F49704}.Debug|Any CPU.ActiveCfg = Debug|Any CPU
		{73EDBA51-B374-4AD2-B69D-4F2DE4F49704}.Debug|Any CPU.Build.0 = Debug|Any CPU
		{73EDBA51-B374-4AD2-B69D-4F2DE4F49704}.Release|Any CPU.ActiveCfg = Release|Any CPU
		{73EDBA51-B374-4AD2-B69D-4F2DE4F49704}.Release|Any CPU.Build.0 = Release|Any CPU
		{DCC77FDF-CF61-46F8-9B04-1AF633D1A3C2}.Debug|Any CPU.ActiveCfg = Debug|Any CPU
		{DCC77FDF-CF61-46F8-9B04-1AF633D1A3C2}.Debug|Any CPU.Build.0 = Debug|Any CPU
		{DCC77FDF-CF61-46F8-9B04-1AF633D1A3C2}.Release|Any CPU.ActiveCfg = Release|Any CPU
		{DCC77FDF-CF61-46F8-9B04-1AF633D1A3C2}.Release|Any CPU.Build.0 = Release|Any CPU
		{68916BBB-693B-4768-9B67-6590B06D028F}.Debug|Any CPU.ActiveCfg = Debug|Any CPU
		{68916BBB-693B-4768-9B67-6590B06D028F}.Debug|Any CPU.Build.0 = Debug|Any CPU
		{68916BBB-693B-4768-9B67-6590B06D028F}.Release|Any CPU.ActiveCfg = Release|Any CPU
		{68916BBB-693B-4768-9B67-6590B06D028F}.Release|Any CPU.Build.0 = Release|Any CPU
		{E3F97A45-DC46-4EFA-A73D-594586481D95}.Debug|Any CPU.ActiveCfg = Debug|Any CPU
		{E3F97A45-DC46-4EFA-A73D-594586481D95}.Debug|Any CPU.Build.0 = Debug|Any CPU
		{E3F97A45-DC46-4EFA-A73D-594586481D95}.Release|Any CPU.ActiveCfg = Release|Any CPU
		{E3F97A45-DC46-4EFA-A73D-594586481D95}.Release|Any CPU.Build.0 = Release|Any CPU
		{84DF01A3-87A4-4551-9501-B525BAE4D9D2}.Debug|Any CPU.ActiveCfg = Debug|Any CPU
		{84DF01A3-87A4-4551-9501-B525BAE4D9D2}.Debug|Any CPU.Build.0 = Debug|Any CPU
		{84DF01A3-87A4-4551-9501-B525BAE4D9D2}.Release|Any CPU.ActiveCfg = Release|Any CPU
		{84DF01A3-87A4-4551-9501-B525BAE4D9D2}.Release|Any CPU.Build.0 = Release|Any CPU
		{F7ECC2DA-26A6-49B1-8CE8-C0D775E46791}.Debug|Any CPU.ActiveCfg = Debug|Any CPU
		{F7ECC2DA-26A6-49B1-8CE8-C0D775E46791}.Debug|Any CPU.Build.0 = Debug|Any CPU
		{F7ECC2DA-26A6-49B1-8CE8-C0D775E46791}.Release|Any CPU.ActiveCfg = Release|Any CPU
		{F7ECC2DA-26A6-49B1-8CE8-C0D775E46791}.Release|Any CPU.Build.0 = Release|Any CPU
		{3E3CB09D-12D3-4F93-A03F-C3EB507874DA}.Debug|Any CPU.ActiveCfg = Debug|Any CPU
		{3E3CB09D-12D3-4F93-A03F-C3EB507874DA}.Debug|Any CPU.Build.0 = Debug|Any CPU
		{3E3CB09D-12D3-4F93-A03F-C3EB507874DA}.Release|Any CPU.ActiveCfg = Release|Any CPU
		{3E3CB09D-12D3-4F93-A03F-C3EB507874DA}.Release|Any CPU.Build.0 = Release|Any CPU
		{1412EF3A-4B81-4C6E-B22C-A1435F3A56FF}.Debug|Any CPU.ActiveCfg = Debug|Any CPU
		{1412EF3A-4B81-4C6E-B22C-A1435F3A56FF}.Debug|Any CPU.Build.0 = Debug|Any CPU
		{1412EF3A-4B81-4C6E-B22C-A1435F3A56FF}.Release|Any CPU.ActiveCfg = Release|Any CPU
		{1412EF3A-4B81-4C6E-B22C-A1435F3A56FF}.Release|Any CPU.Build.0 = Release|Any CPU
		{C1AAA7F4-488F-42CF-98DE-B213A7579227}.Debug|Any CPU.ActiveCfg = Debug|Any CPU
		{C1AAA7F4-488F-42CF-98DE-B213A7579227}.Debug|Any CPU.Build.0 = Debug|Any CPU
		{C1AAA7F4-488F-42CF-98DE-B213A7579227}.Release|Any CPU.ActiveCfg = Release|Any CPU
		{C1AAA7F4-488F-42CF-98DE-B213A7579227}.Release|Any CPU.Build.0 = Release|Any CPU
		{BF3AB109-1B6B-461F-81BA-8513F7F497A1}.Debug|Any CPU.ActiveCfg = Debug|Any CPU
		{BF3AB109-1B6B-461F-81BA-8513F7F497A1}.Debug|Any CPU.Build.0 = Debug|Any CPU
		{BF3AB109-1B6B-461F-81BA-8513F7F497A1}.Release|Any CPU.ActiveCfg = Release|Any CPU
		{BF3AB109-1B6B-461F-81BA-8513F7F497A1}.Release|Any CPU.Build.0 = Release|Any CPU
		{18001A96-8115-4A6D-AB04-2A8CDD32154F}.Debug|Any CPU.ActiveCfg = Debug|Any CPU
		{18001A96-8115-4A6D-AB04-2A8CDD32154F}.Debug|Any CPU.Build.0 = Debug|Any CPU
		{18001A96-8115-4A6D-AB04-2A8CDD32154F}.Release|Any CPU.ActiveCfg = Release|Any CPU
		{18001A96-8115-4A6D-AB04-2A8CDD32154F}.Release|Any CPU.Build.0 = Release|Any CPU
		{AC565E97-0566-478E-9A63-6436AADA60B5}.Debug|Any CPU.ActiveCfg = Debug|Any CPU
		{AC565E97-0566-478E-9A63-6436AADA60B5}.Debug|Any CPU.Build.0 = Debug|Any CPU
		{AC565E97-0566-478E-9A63-6436AADA60B5}.Release|Any CPU.ActiveCfg = Release|Any CPU
		{AC565E97-0566-478E-9A63-6436AADA60B5}.Release|Any CPU.Build.0 = Release|Any CPU
		{EE69323B-8707-41D6-B29C-6BE8C83DC10D}.Debug|Any CPU.ActiveCfg = Debug|Any CPU
		{EE69323B-8707-41D6-B29C-6BE8C83DC10D}.Debug|Any CPU.Build.0 = Debug|Any CPU
		{EE69323B-8707-41D6-B29C-6BE8C83DC10D}.Release|Any CPU.ActiveCfg = Release|Any CPU
		{EE69323B-8707-41D6-B29C-6BE8C83DC10D}.Release|Any CPU.Build.0 = Release|Any CPU
		{A01A2D7C-5561-4CBA-92A4-281A6F1AC694}.Debug|Any CPU.ActiveCfg = Debug|Any CPU
		{A01A2D7C-5561-4CBA-92A4-281A6F1AC694}.Debug|Any CPU.Build.0 = Debug|Any CPU
		{A01A2D7C-5561-4CBA-92A4-281A6F1AC694}.Release|Any CPU.ActiveCfg = Release|Any CPU
		{A01A2D7C-5561-4CBA-92A4-281A6F1AC694}.Release|Any CPU.Build.0 = Release|Any CPU
		{76503129-AFAB-4F19-8534-8E2AE6318F27}.Debug|Any CPU.ActiveCfg = Debug|Any CPU
		{76503129-AFAB-4F19-8534-8E2AE6318F27}.Debug|Any CPU.Build.0 = Debug|Any CPU
		{76503129-AFAB-4F19-8534-8E2AE6318F27}.Release|Any CPU.ActiveCfg = Release|Any CPU
		{76503129-AFAB-4F19-8534-8E2AE6318F27}.Release|Any CPU.Build.0 = Release|Any CPU
		{32AEDA90-AC16-46B5-9869-485103141292}.Debug|Any CPU.ActiveCfg = Debug|Any CPU
		{32AEDA90-AC16-46B5-9869-485103141292}.Debug|Any CPU.Build.0 = Debug|Any CPU
		{32AEDA90-AC16-46B5-9869-485103141292}.Release|Any CPU.ActiveCfg = Release|Any CPU
		{32AEDA90-AC16-46B5-9869-485103141292}.Release|Any CPU.Build.0 = Release|Any CPU
		{A43744AE-46F6-4FF4-9254-3B237F3B2EF8}.Debug|Any CPU.ActiveCfg = Debug|Any CPU
		{A43744AE-46F6-4FF4-9254-3B237F3B2EF8}.Debug|Any CPU.Build.0 = Debug|Any CPU
		{A43744AE-46F6-4FF4-9254-3B237F3B2EF8}.Release|Any CPU.ActiveCfg = Release|Any CPU
		{A43744AE-46F6-4FF4-9254-3B237F3B2EF8}.Release|Any CPU.Build.0 = Release|Any CPU
		{BF39E00E-2C97-45D6-B153-3B1386706D82}.Debug|Any CPU.ActiveCfg = Debug|Any CPU
		{BF39E00E-2C97-45D6-B153-3B1386706D82}.Debug|Any CPU.Build.0 = Debug|Any CPU
		{BF39E00E-2C97-45D6-B153-3B1386706D82}.Release|Any CPU.ActiveCfg = Release|Any CPU
		{BF39E00E-2C97-45D6-B153-3B1386706D82}.Release|Any CPU.Build.0 = Release|Any CPU
		{11F80277-C8F6-4743-B7C2-89A639268F04}.Debug|Any CPU.ActiveCfg = Debug|Any CPU
		{11F80277-C8F6-4743-B7C2-89A639268F04}.Debug|Any CPU.Build.0 = Debug|Any CPU
		{11F80277-C8F6-4743-B7C2-89A639268F04}.Release|Any CPU.ActiveCfg = Release|Any CPU
		{11F80277-C8F6-4743-B7C2-89A639268F04}.Release|Any CPU.Build.0 = Release|Any CPU
		{CC521142-A255-40FD-A4D8-BE80975B0860}.Debug|Any CPU.ActiveCfg = Debug|Any CPU
		{CC521142-A255-40FD-A4D8-BE80975B0860}.Debug|Any CPU.Build.0 = Debug|Any CPU
		{CC521142-A255-40FD-A4D8-BE80975B0860}.Release|Any CPU.ActiveCfg = Release|Any CPU
		{CC521142-A255-40FD-A4D8-BE80975B0860}.Release|Any CPU.Build.0 = Release|Any CPU
		{DBBC2C15-9592-47E7-8B81-1F3613D2098A}.Debug|Any CPU.ActiveCfg = Debug|Any CPU
		{DBBC2C15-9592-47E7-8B81-1F3613D2098A}.Debug|Any CPU.Build.0 = Debug|Any CPU
		{DBBC2C15-9592-47E7-8B81-1F3613D2098A}.Release|Any CPU.ActiveCfg = Release|Any CPU
		{DBBC2C15-9592-47E7-8B81-1F3613D2098A}.Release|Any CPU.Build.0 = Release|Any CPU
		{3C96CC0C-9E2C-4CCF-8860-28213923897D}.Debug|Any CPU.ActiveCfg = Debug|Any CPU
		{3C96CC0C-9E2C-4CCF-8860-28213923897D}.Debug|Any CPU.Build.0 = Debug|Any CPU
		{3C96CC0C-9E2C-4CCF-8860-28213923897D}.Release|Any CPU.ActiveCfg = Release|Any CPU
		{3C96CC0C-9E2C-4CCF-8860-28213923897D}.Release|Any CPU.Build.0 = Release|Any CPU
	EndGlobalSection
	GlobalSection(SolutionProperties) = preSolution
		HideSolutionNode = FALSE
	EndGlobalSection
	GlobalSection(NestedProjects) = preSolution
		{2F9AA7F6-CFE3-424D-9612-46D08D204CD5} = {BC543A3C-1369-4B86-9E21-9A06F763BCE0}
		{DCC77FDF-CF61-46F8-9B04-1AF633D1A3C2} = {BC543A3C-1369-4B86-9E21-9A06F763BCE0}
		{84DF01A3-87A4-4551-9501-B525BAE4D9D2} = {BC543A3C-1369-4B86-9E21-9A06F763BCE0}
		{F7ECC2DA-26A6-49B1-8CE8-C0D775E46791} = {BC543A3C-1369-4B86-9E21-9A06F763BCE0}
		{3E3CB09D-12D3-4F93-A03F-C3EB507874DA} = {BC543A3C-1369-4B86-9E21-9A06F763BCE0}
		{1412EF3A-4B81-4C6E-B22C-A1435F3A56FF} = {BC543A3C-1369-4B86-9E21-9A06F763BCE0}
		{C1AAA7F4-488F-42CF-98DE-B213A7579227} = {BC543A3C-1369-4B86-9E21-9A06F763BCE0}
		{BF3AB109-1B6B-461F-81BA-8513F7F497A1} = {BC543A3C-1369-4B86-9E21-9A06F763BCE0}
		{EE69323B-8707-41D6-B29C-6BE8C83DC10D} = {BC543A3C-1369-4B86-9E21-9A06F763BCE0}
		{11F80277-C8F6-4743-B7C2-89A639268F04} = {BC543A3C-1369-4B86-9E21-9A06F763BCE0}
		{CC521142-A255-40FD-A4D8-BE80975B0860} = {BC543A3C-1369-4B86-9E21-9A06F763BCE0}
		{DBBC2C15-9592-47E7-8B81-1F3613D2098A} = {BC543A3C-1369-4B86-9E21-9A06F763BCE0}
		{3C96CC0C-9E2C-4CCF-8860-28213923897D} = {BC543A3C-1369-4B86-9E21-9A06F763BCE0}
		{D9AE025E-0F05-43F2-9CC1-4A1522301F5E} = {F1A4A916-5CC9-48A2-967B-B1AD6CACA529}
		{73EDBA51-B374-4AD2-B69D-4F2DE4F49704} = {F1A4A916-5CC9-48A2-967B-B1AD6CACA529}
		{A01A2D7C-5561-4CBA-92A4-281A6F1AC694} = {96F0124A-977A-46E2-89DC-3463D40DBCE9}
		{76503129-AFAB-4F19-8534-8E2AE6318F27} = {96F0124A-977A-46E2-89DC-3463D40DBCE9}
		{29F87694-32A0-404D-8434-8C76D6A939C7} = {96F0124A-977A-46E2-89DC-3463D40DBCE9}
		{32AEDA90-AC16-46B5-9869-485103141292} = {29F87694-32A0-404D-8434-8C76D6A939C7}
		{A43744AE-46F6-4FF4-9254-3B237F3B2EF8} = {29F87694-32A0-404D-8434-8C76D6A939C7}
	EndGlobalSection
EndGlobal
